{
  "nodes": {
    "fenix": {
      "inputs": {
        "nixpkgs": [
          "nixpkgs"
        ],
        "rust-analyzer-src": "rust-analyzer-src"
      },
      "locked": {
        "lastModified": 1642227974,
        "narHash": "sha256-zrqUfbk3g47yGCzx8cWggCPvgiBYc/uFQhVk0n+M+wc=",
        "owner": "nix-community",
        "repo": "fenix",
        "rev": "2e2c7ccdba995148ea0110ad51e0bdc7977830bc",
        "type": "github"
      },
      "original": {
        "owner": "nix-community",
        "repo": "fenix",
        "type": "github"
      }
    },
    "naersk": {
      "inputs": {
        "nixpkgs": [
          "nixpkgs"
        ]
      },
      "locked": {
        "lastModified": 1641554901,
        "narHash": "sha256-XCasyYec3EOz+uwwBV733QbRD9eEYizIuR0MUvQ3DxE=",
        "owner": "yusdacra",
        "repo": "naersk",
        "rev": "8616a0dc9f4f87f6cb8b55c91bc2bd69bc12ba03",
        "type": "github"
      },
      "original": {
        "owner": "yusdacra",
        "ref": "feat/cargolock-git-deps",
        "repo": "naersk",
        "type": "github"
      }
    },
    "nixpkgs": {
      "locked": {
        "lastModified": 1635844945,
        "narHash": "sha256-tZcL307dj28jgEU1Wdn+zwG9neyW0H2+ZjdVhvJxh9g=",
        "owner": "NixOS",
        "repo": "nixpkgs",
        "rev": "b67e752c29f18a0ca5534a07661366d6a2c2e649",
        "type": "github"
      },
      "original": {
        "owner": "NixOS",
        "ref": "nixos-unstable",
        "repo": "nixpkgs",
        "type": "github"
      }
    },
    "root": {
      "inputs": {
        "fenix": "fenix",
        "naersk": "naersk",
        "nixpkgs": "nixpkgs",
        "utils": "utils"
      }
    },
    "rust-analyzer-src": {
      "flake": false,
      "locked": {
        "lastModified": 1642187035,
        "narHash": "sha256-E5lBHUMQRG0qNLDz9jyOsqEsWqC4DUMzpR2arCeJef0=",
        "owner": "rust-analyzer",
        "repo": "rust-analyzer",
        "rev": "844c152fd1be8f0142343a095d5b45586189f435",
        "type": "github"
      },
      "original": {
        "owner": "rust-analyzer",
        "ref": "nightly",
        "repo": "rust-analyzer",
        "type": "github"
      }
    },
    "utils": {
      "locked": {
        "lastModified": 1638122382,
        "narHash": "sha256-sQzZzAbvKEqN9s0bzWuYmRaA03v40gaJ4+iL1LXjaeI=",
        "owner": "numtide",
        "repo": "flake-utils",
        "rev": "74f7e4319258e287b0f9cb95426c9853b282730b",
        "type": "github"
      },
      "original": {
        "owner": "numtide",
        "repo": "flake-utils",
        "type": "github"
      }
    }
  },
  "root": "root",
  "version": 7
}
